
Microsoft Visual Studio Solution File, Format Version 12.00
# Visual Studio Version 16
VisualStudioVersion = 16.0.30711.63
MinimumVisualStudioVersion = 10.0.40219.1
Project("{9A19103F-16F7-4668-BE54-9A1E7A4F7556}") = "prj_DotNetConf2021xSeoul", "prj_DotNetConf2021xSeoul.csproj", "{DDC62305-831B-4DE8-8B9C-73A4C41DBEBC}"
EndProject
Project("{FAE04EC0-301F-11D3-BF4B-00C04F79EFBC}") = "prj_PerformanceTester", "..\prj_PerformanceTester\prj_PerformanceTester.csproj", "{953C1CE8-8F31-45BC-AFCE-9933FA2866C9}"
EndProject
Global
	GlobalSection(SolutionConfigurationPlatforms) = preSolution
		Debug|Any CPU = Debug|Any CPU
		Release|Any CPU = Release|Any CPU
	EndGlobalSection
	GlobalSection(ProjectConfigurationPlatforms) = postSolution
		{DDC62305-831B-4DE8-8B9C-73A4C41DBEBC}.Debug|Any CPU.ActiveCfg = Debug|Any CPU
		{DDC62305-831B-4DE8-8B9C-73A4C41DBEBC}.Debug|Any CPU.Build.0 = Debug|Any CPU
		{DDC62305-831B-4DE8-8B9C-73A4C41DBEBC}.Release|Any CPU.ActiveCfg = Release|Any CPU
		{DDC62305-831B-4DE8-8B9C-73A4C41DBEBC}.Release|Any CPU.Build.0 = Release|Any CPU
		{953C1CE8-8F31-45BC-AFCE-9933FA2866C9}.Debug|Any CPU.ActiveCfg = Debug|Any CPU
		{953C1CE8-8F31-45BC-AFCE-9933FA2866C9}.Debug|Any CPU.Build.0 = Debug|Any CPU
		{953C1CE8-8F31-45BC-AFCE-9933FA2866C9}.Release|Any CPU.ActiveCfg = Release|Any CPU
		{953C1CE8-8F31-45BC-AFCE-9933FA2866C9}.Release|Any CPU.Build.0 = Release|Any CPU
	EndGlobalSection
	GlobalSection(SolutionProperties) = preSolution
		HideSolutionNode = FALSE
	EndGlobalSection
	GlobalSection(ExtensibilityGlobals) = postSolution
		SolutionGuid = {1A0B7816-83E6-4D0A-8720-14B02E06A48D}
	EndGlobalSection
EndGlobal
